{
  "name": "sinusbot-scripts",
  "version": "1.0.0",
  "lockfileVersion": 1,
  "requires": true,
  "dependencies": {
    "sinusbot": {
      "version": "git+https://github.com/SinusBot/scripting-docs.git#b0db90a86ffff987c79e76988664a0852b6a98f4",
      "from": "git+https://github.com/SinusBot/scripting-docs.git#typescript"
    },
    "typescript": {
      "version": "4.0.5",
      "resolved": "https://registry.npmjs.org/typescript/-/typescript-4.0.5.tgz",
      "integrity": "sha512-ywmr/VrTVCmNTJ6iV2LwIrfG1P+lv6luD8sUJs+2eI9NLGigaN+nUQc13iHqisq7bra9lnmUSYqbJvegraBOPQ==",
      "dev": true
    }
  }
}
